
Microsoft Visual Studio Solution File, Format Version 12.00
# Visual Studio Version 16
VisualStudioVersion = 16.0.30611.23
MinimumVisualStudioVersion = 10.0.40219.1
Project("{FAE04EC0-301F-11D3-BF4B-00C04F79EFBC}") = "PersonalAgenda.Android", "PersonalAgenda.Android\PersonalAgenda.Android.csproj", "{B1F5E252-BA0B-4D94-A988-E72DAAD0132F}"
EndProject
Project("{FAE04EC0-301F-11D3-BF4B-00C04F79EFBC}") = "PersonalAgenda.iOS", "PersonalAgenda.iOS\PersonalAgenda.iOS.csproj", "{8D4BCA3E-9964-4DCC-8E85-9C1B46910C77}"
EndProject
Project("{FAE04EC0-301F-11D3-BF4B-00C04F79EFBC}") = "PersonalAgenda", "PersonalAgenda\PersonalAgenda.csproj", "{07FDD3F8-2428-4331-AB94-4337EDC9C41A}"
EndProject
Global
	GlobalSection(SolutionConfigurationPlatforms) = preSolution
		Debug|Any CPU = Debug|Any CPU
		Debug|iPhone = Debug|iPhone
		Debug|iPhoneSimulator = Debug|iPhoneSimulator
		Release|Any CPU = Release|Any CPU
		Release|iPhone = Release|iPhone
		Release|iPhoneSimulator = Release|iPhoneSimulator
	EndGlobalSection
	GlobalSection(ProjectConfigurationPlatforms) = postSolution
		{B1F5E252-BA0B-4D94-A988-E72DAAD0132F}.Debug|Any CPU.ActiveCfg = Debug|Any CPU
		{B1F5E252-BA0B-4D94-A988-E72DAAD0132F}.Debug|Any CPU.Build.0 = Debug|Any CPU
		{B1F5E252-BA0B-4D94-A988-E72DAAD0132F}.Debug|Any CPU.Deploy.0 = Debug|Any CPU
		{B1F5E252-BA0B-4D94-A988-E72DAAD0132F}.Debug|iPhone.ActiveCfg = Debug|Any CPU
		{B1F5E252-BA0B-4D94-A988-E72DAAD0132F}.Debug|iPhone.Build.0 = Debug|Any CPU
		{B1F5E252-BA0B-4D94-A988-E72DAAD0132F}.Debug|iPhone.Deploy.0 = Debug|Any CPU
		{B1F5E252-BA0B-4D94-A988-E72DAAD0132F}.Debug|iPhoneSimulator.ActiveCfg = Debug|Any CPU
		{B1F5E252-BA0B-4D94-A988-E72DAAD0132F}.Debug|iPhoneSimulator.Build.0 = Debug|Any CPU
		{B1F5E252-BA0B-4D94-A988-E72DAAD0132F}.Debug|iPhoneSimulator.Deploy.0 = Debug|Any CPU
		{B1F5E252-BA0B-4D94-A988-E72DAAD0132F}.Release|Any CPU.ActiveCfg = Release|Any CPU
		{B1F5E252-BA0B-4D94-A988-E72DAAD0132F}.Release|Any CPU.Build.0 = Release|Any CPU
		{B1F5E252-BA0B-4D94-A988-E72DAAD0132F}.Release|Any CPU.Deploy.0 = Release|Any CPU
		{B1F5E252-BA0B-4D94-A988-E72DAAD0132F}.Release|iPhone.ActiveCfg = Release|Any CPU
		{B1F5E252-BA0B-4D94-A988-E72DAAD0132F}.Release|iPhone.Build.0 = Release|Any CPU
		{B1F5E252-BA0B-4D94-A988-E72DAAD0132F}.Release|iPhone.Deploy.0 = Release|Any CPU
		{B1F5E252-BA0B-4D94-A988-E72DAAD0132F}.Release|iPhoneSimulator.ActiveCfg = Release|Any CPU
		{B1F5E252-BA0B-4D94-A988-E72DAAD0132F}.Release|iPhoneSimulator.Build.0 = Release|Any CPU
		{B1F5E252-BA0B-4D94-A988-E72DAAD0132F}.Release|iPhoneSimulator.Deploy.0 = Release|Any CPU
		{8D4BCA3E-9964-4DCC-8E85-9C1B46910C77}.Debug|Any CPU.ActiveCfg = Debug|iPhone
		{8D4BCA3E-9964-4DCC-8E85-9C1B46910C77}.Debug|Any CPU.Build.0 = Debug|iPhone
		{8D4BCA3E-9964-4DCC-8E85-9C1B46910C77}.Debug|Any CPU.Deploy.0 = Debug|iPhone
		{8D4BCA3E-9964-4DCC-8E85-9C1B46910C77}.Debug|iPhone.ActiveCfg = Debug|iPhone
		{8D4BCA3E-9964-4DCC-8E85-9C1B46910C77}.Debug|iPhone.Build.0 = Debug|iPhone
		{8D4BCA3E-9964-4DCC-8E85-9C1B46910C77}.Debug|iPhone.Deploy.0 = Debug|iPhone
		{8D4BCA3E-9964-4DCC-8E85-9C1B46910C77}.Debug|iPhoneSimulator.ActiveCfg = Debug|iPhoneSimulator
		{8D4BCA3E-9964-4DCC-8E85-9C1B46910C77}.Debug|iPhoneSimulator.Build.0 = Debug|iPhoneSimulator
		{8D4BCA3E-9964-4DCC-8E85-9C1B46910C77}.Debug|iPhoneSimulator.Deploy.0 = Debug|iPhoneSimulator
		{8D4BCA3E-9964-4DCC-8E85-9C1B46910C77}.Release|Any CPU.ActiveCfg = Release|iPhoneSimulator
		{8D4BCA3E-9964-4DCC-8E85-9C1B46910C77}.Release|Any CPU.Build.0 = Release|iPhoneSimulator
		{8D4BCA3E-9964-4DCC-8E85-9C1B46910C77}.Release|Any CPU.Deploy.0 = Release|iPhoneSimulator
		{8D4BCA3E-9964-4DCC-8E85-9C1B46910C77}.Release|iPhone.ActiveCfg = Release|iPhone
		{8D4BCA3E-9964-4DCC-8E85-9C1B46910C77}.Release|iPhone.Build.0 = Release|iPhone
		{8D4BCA3E-9964-4DCC-8E85-9C1B46910C77}.Release|iPhone.Deploy.0 = Release|iPhone
		{8D4BCA3E-9964-4DCC-8E85-9C1B46910C77}.Release|iPhoneSimulator.ActiveCfg = Release|iPhoneSimulator
		{8D4BCA3E-9964-4DCC-8E85-9C1B46910C77}.Release|iPhoneSimulator.Build.0 = Release|iPhoneSimulator
		{8D4BCA3E-9964-4DCC-8E85-9C1B46910C77}.Release|iPhoneSimulator.Deploy.0 = Release|iPhoneSimulator
		{07FDD3F8-2428-4331-AB94-4337EDC9C41A}.Debug|Any CPU.ActiveCfg = Debug|Any CPU
		{07FDD3F8-2428-4331-AB94-4337EDC9C41A}.Debug|Any CPU.Build.0 = Debug|Any CPU
		{07FDD3F8-2428-4331-AB94-4337EDC9C41A}.Debug|Any CPU.Deploy.0 = Debug|Any CPU
		{07FDD3F8-2428-4331-AB94-4337EDC9C41A}.Debug|iPhone.ActiveCfg = Debug|Any CPU
		{07FDD3F8-2428-4331-AB94-4337EDC9C41A}.Debug|iPhone.Build.0 = Debug|Any CPU
		{07FDD3F8-2428-4331-AB94-4337EDC9C41A}.Debug|iPhone.Deploy.0 = Debug|Any CPU
		{07FDD3F8-2428-4331-AB94-4337EDC9C41A}.Debug|iPhoneSimulator.ActiveCfg = Debug|Any CPU
		{07FDD3F8-2428-4331-AB94-4337EDC9C41A}.Debug|iPhoneSimulator.Build.0 = Debug|Any CPU
		{07FDD3F8-2428-4331-AB94-4337EDC9C41A}.Debug|iPhoneSimulator.Deploy.0 = Debug|Any CPU
		{07FDD3F8-2428-4331-AB94-4337EDC9C41A}.Release|Any CPU.ActiveCfg = Release|Any CPU
		{07FDD3F8-2428-4331-AB94-4337EDC9C41A}.Release|Any CPU.Build.0 = Release|Any CPU
		{07FDD3F8-2428-4331-AB94-4337EDC9C41A}.Release|Any CPU.Deploy.0 = Release|Any CPU
		{07FDD3F8-2428-4331-AB94-4337EDC9C41A}.Release|iPhone.ActiveCfg = Release|Any CPU
		{07FDD3F8-2428-4331-AB94-4337EDC9C41A}.Release|iPhone.Build.0 = Release|Any CPU
		{07FDD3F8-2428-4331-AB94-4337EDC9C41A}.Release|iPhone.Deploy.0 = Release|Any CPU
		{07FDD3F8-2428-4331-AB94-4337EDC9C41A}.Release|iPhoneSimulator.ActiveCfg = Release|Any CPU
		{07FDD3F8-2428-4331-AB94-4337EDC9C41A}.Release|iPhoneSimulator.Build.0 = Release|Any CPU
		{07FDD3F8-2428-4331-AB94-4337EDC9C41A}.Release|iPhoneSimulator.Deploy.0 = Release|Any CPU
	EndGlobalSection
	GlobalSection(SolutionProperties) = preSolution
		HideSolutionNode = FALSE
	EndGlobalSection
	GlobalSection(ExtensibilityGlobals) = postSolution
		SolutionGuid = {F39A1340-955D-4DCC-B66C-1E4A353B64FD}
	EndGlobalSection
EndGlobal
